
Microsoft Visual Studio Solution File, Format Version 12.00
# Visual Studio 15
VisualStudioVersion = 15.0.26730.16
MinimumVisualStudioVersion = 10.0.40219.1
Project("{FAE04EC0-301F-11D3-BF4B-00C04F79EFBC}") = "01.ConvertoFromBase-10ToBase-N", "01.ConvertoFromBase-10ToBase-N\01.ConvertoFromBase-10ToBase-N.csproj", "{1D065A87-6614-48DC-8C1B-9FD9C892139E}"
EndProject
Project("{FAE04EC0-301F-11D3-BF4B-00C04F79EFBC}") = "02.ConvertFromBase-NToBase-10", "02.ConvertFromBase-NToBase-10\02.ConvertFromBase-NToBase-10.csproj", "{9850620D-B265-4F05-9144-22FCDE7CA5EE}"
EndProject
Project("{FAE04EC0-301F-11D3-BF4B-00C04F79EFBC}") = "05.MagicExchangeableWords", "05.MagicExchangeableWords\05.MagicExchangeableWords.csproj", "{AAEC2DF1-0F7B-4C4E-831B-510624DDEE50}"
EndProject
Project("{FAE04EC0-301F-11D3-BF4B-00C04F79EFBC}") = "06.SumBigNumbers", "06.SumBigNumbers\06.SumBigNumbers.csproj", "{B9F423E9-E509-4BD0-8447-EB7216426C1F}"
EndProject
Project("{FAE04EC0-301F-11D3-BF4B-00C04F79EFBC}") = "03.UnicodeCharacters", "03.UnicodeCharacters\03.UnicodeCharacters.csproj", "{8A8B833B-58BB-4E05-A64F-3F421ACA4943}"
EndProject
Project("{FAE04EC0-301F-11D3-BF4B-00C04F79EFBC}") = "04.CharacterMultiplier", "04.CharacterMultiplier\04.CharacterMultiplier.csproj", "{BB770381-4316-4313-9CEC-1956F58AE578}"
EndProject
Project("{FAE04EC0-301F-11D3-BF4B-00C04F79EFBC}") = "07.MultiplyBigNumbers", "07.MultiplyBigNumbers\07.MultiplyBigNumbers.csproj", "{3270975B-91C3-4823-A62C-1735B0D3F0BF}"
EndProject
Global
	GlobalSection(SolutionConfigurationPlatforms) = preSolution
		Debug|Any CPU = Debug|Any CPU
		Release|Any CPU = Release|Any CPU
	EndGlobalSection
	GlobalSection(ProjectConfigurationPlatforms) = postSolution
		{1D065A87-6614-48DC-8C1B-9FD9C892139E}.Debug|Any CPU.ActiveCfg = Debug|Any CPU
		{1D065A87-6614-48DC-8C1B-9FD9C892139E}.Debug|Any CPU.Build.0 = Debug|Any CPU
		{1D065A87-6614-48DC-8C1B-9FD9C892139E}.Release|Any CPU.ActiveCfg = Release|Any CPU
		{1D065A87-6614-48DC-8C1B-9FD9C892139E}.Release|Any CPU.Build.0 = Release|Any CPU
		{9850620D-B265-4F05-9144-22FCDE7CA5EE}.Debug|Any CPU.ActiveCfg = Debug|Any CPU
		{9850620D-B265-4F05-9144-22FCDE7CA5EE}.Debug|Any CPU.Build.0 = Debug|Any CPU
		{9850620D-B265-4F05-9144-22FCDE7CA5EE}.Release|Any CPU.ActiveCfg = Release|Any CPU
		{9850620D-B265-4F05-9144-22FCDE7CA5EE}.Release|Any CPU.Build.0 = Release|Any CPU
		{AAEC2DF1-0F7B-4C4E-831B-510624DDEE50}.Debug|Any CPU.ActiveCfg = Debug|Any CPU
		{AAEC2DF1-0F7B-4C4E-831B-510624DDEE50}.Debug|Any CPU.Build.0 = Debug|Any CPU
		{AAEC2DF1-0F7B-4C4E-831B-510624DDEE50}.Release|Any CPU.ActiveCfg = Release|Any CPU
		{AAEC2DF1-0F7B-4C4E-831B-510624DDEE50}.Release|Any CPU.Build.0 = Release|Any CPU
		{B9F423E9-E509-4BD0-8447-EB7216426C1F}.Debug|Any CPU.ActiveCfg = Debug|Any CPU
		{B9F423E9-E509-4BD0-8447-EB7216426C1F}.Debug|Any CPU.Build.0 = Debug|Any CPU
		{B9F423E9-E509-4BD0-8447-EB7216426C1F}.Release|Any CPU.ActiveCfg = Release|Any CPU
		{B9F423E9-E509-4BD0-8447-EB7216426C1F}.Release|Any CPU.Build.0 = Release|Any CPU
		{8A8B833B-58BB-4E05-A64F-3F421ACA4943}.Debug|Any CPU.ActiveCfg = Debug|Any CPU
		{8A8B833B-58BB-4E05-A64F-3F421ACA4943}.Debug|Any CPU.Build.0 = Debug|Any CPU
		{8A8B833B-58BB-4E05-A64F-3F421ACA4943}.Release|Any CPU.ActiveCfg = Release|Any CPU
		{8A8B833B-58BB-4E05-A64F-3F421ACA4943}.Release|Any CPU.Build.0 = Release|Any CPU
		{BB770381-4316-4313-9CEC-1956F58AE578}.Debug|Any CPU.ActiveCfg = Debug|Any CPU
		{BB770381-4316-4313-9CEC-1956F58AE578}.Debug|Any CPU.Build.0 = Debug|Any CPU
		{BB770381-4316-4313-9CEC-1956F58AE578}.Release|Any CPU.ActiveCfg = Release|Any CPU
		{BB770381-4316-4313-9CEC-1956F58AE578}.Release|Any CPU.Build.0 = Release|Any CPU
		{3270975B-91C3-4823-A62C-1735B0D3F0BF}.Debug|Any CPU.ActiveCfg = Debug|Any CPU
		{3270975B-91C3-4823-A62C-1735B0D3F0BF}.Debug|Any CPU.Build.0 = Debug|Any CPU
		{3270975B-91C3-4823-A62C-1735B0D3F0BF}.Release|Any CPU.ActiveCfg = Release|Any CPU
		{3270975B-91C3-4823-A62C-1735B0D3F0BF}.Release|Any CPU.Build.0 = Release|Any CPU
	EndGlobalSection
	GlobalSection(SolutionProperties) = preSolution
		HideSolutionNode = FALSE
	EndGlobalSection
	GlobalSection(ExtensibilityGlobals) = postSolution
		SolutionGuid = {C8BAAF01-315F-40E7-8D03-F564FF2AFF06}
	EndGlobalSection
EndGlobal
